
Microsoft Visual Studio Solution File, Format Version 12.00
# Visual Studio 15
VisualStudioVersion = 15.0.27004.2010
MinimumVisualStudioVersion = 10.0.40219.1
Project("{8BC9CEB8-8B4A-11D0-8D11-00A0C91BC942}") = "OpenEdge", "OpenEdge\OpenEdge.vcxproj", "{2CAE13C4-821D-4806-93E8-9B71ADE5C7A2}"
EndProject
Global
	GlobalSection(SolutionConfigurationPlatforms) = preSolution
		Debug|x86 = Debug|x86
		Release|x86 = Release|x86
	EndGlobalSection
	GlobalSection(ProjectConfigurationPlatforms) = postSolution
		{2CAE13C4-821D-4806-93E8-9B71ADE5C7A2}.Debug|x86.ActiveCfg = Debug|Win32
		{2CAE13C4-821D-4806-93E8-9B71ADE5C7A2}.Debug|x86.Build.0 = Debug|Win32
		{2CAE13C4-821D-4806-93E8-9B71ADE5C7A2}.Release|x86.ActiveCfg = Release|Win32
		{2CAE13C4-821D-4806-93E8-9B71ADE5C7A2}.Release|x86.Build.0 = Release|Win32
	EndGlobalSection
	GlobalSection(SolutionProperties) = preSolution
		HideSolutionNode = FALSE
	EndGlobalSection
	GlobalSection(ExtensibilityGlobals) = postSolution
		SolutionGuid = {117BB303-7195-4295-80DB-84A674E1BD81}
	EndGlobalSection
EndGlobal
